
Microsoft Visual Studio Solution File, Format Version 12.00
# Visual Studio Version 17
VisualStudioVersion = 17.6.33723.286
MinimumVisualStudioVersion = 10.0.40219.1
Project("{FAE04EC0-301F-11D3-BF4B-00C04F79EFBC}") = "Labrary Managment", "Labrary Managment.csproj", "{C0722588-AD0D-4DBB-8BCA-71CA62F317C2}"
EndProject
Project("{FAE04EC0-301F-11D3-BF4B-00C04F79EFBC}") = "DataAccessLayer", "DataAccessLayer\DataAccessLayer.csproj", "{25FCD437-5C9B-4478-BFE8-9D4B71CE633B}"
EndProject
Project("{FAE04EC0-301F-11D3-BF4B-00C04F79EFBC}") = "DataBusinssLayer", "DataBusinssLayer\DataBusinssLayer.csproj", "{B269A689-2FA3-4B85-8C58-5E27BC65C4FB}"
EndProject
Global
	GlobalSection(SolutionConfigurationPlatforms) = preSolution
		Debug|Any CPU = Debug|Any CPU
		Release|Any CPU = Release|Any CPU
	EndGlobalSection
	GlobalSection(ProjectConfigurationPlatforms) = postSolution
		{C0722588-AD0D-4DBB-8BCA-71CA62F317C2}.Debug|Any CPU.ActiveCfg = Debug|Any CPU
		{C0722588-AD0D-4DBB-8BCA-71CA62F317C2}.Debug|Any CPU.Build.0 = Debug|Any CPU
		{C0722588-AD0D-4DBB-8BCA-71CA62F317C2}.Release|Any CPU.ActiveCfg = Release|Any CPU
		{C0722588-AD0D-4DBB-8BCA-71CA62F317C2}.Release|Any CPU.Build.0 = Release|Any CPU
		{25FCD437-5C9B-4478-BFE8-9D4B71CE633B}.Debug|Any CPU.ActiveCfg = Debug|Any CPU
		{25FCD437-5C9B-4478-BFE8-9D4B71CE633B}.Debug|Any CPU.Build.0 = Debug|Any CPU
		{25FCD437-5C9B-4478-BFE8-9D4B71CE633B}.Release|Any CPU.ActiveCfg = Release|Any CPU
		{25FCD437-5C9B-4478-BFE8-9D4B71CE633B}.Release|Any CPU.Build.0 = Release|Any CPU
		{B269A689-2FA3-4B85-8C58-5E27BC65C4FB}.Debug|Any CPU.ActiveCfg = Debug|Any CPU
		{B269A689-2FA3-4B85-8C58-5E27BC65C4FB}.Debug|Any CPU.Build.0 = Debug|Any CPU
		{B269A689-2FA3-4B85-8C58-5E27BC65C4FB}.Release|Any CPU.ActiveCfg = Release|Any CPU
		{B269A689-2FA3-4B85-8C58-5E27BC65C4FB}.Release|Any CPU.Build.0 = Release|Any CPU
	EndGlobalSection
	GlobalSection(SolutionProperties) = preSolution
		HideSolutionNode = FALSE
	EndGlobalSection
	GlobalSection(ExtensibilityGlobals) = postSolution
		SolutionGuid = {D2BD8237-DAB2-49D7-917A-6EB7F10CC060}
	EndGlobalSection
EndGlobal
